// !$*UTF8*$!
{
	archiveVersion = 1;
	classes = {
	};
	objectVersion = 48;
	objects = {

/* Begin PBXBuildFile section */
		24FDDF9B1FD2F069005B136B /* AppDelegate.swift in Sources */ = {isa = PBXBuildFile; fileRef = 24FDDF9A1FD2F069005B136B /* AppDelegate.swift */; };
		24FDDF9D1FD2F069005B136B /* ViewController.swift in Sources */ = {isa = PBXBuildFile; fileRef = 24FDDF9C1FD2F069005B136B /* ViewController.swift */; };
		24FDDFA01FD2F069005B136B /* Main.storyboard in Resources */ = {isa = PBXBuildFile; fileRef = 24FDDF9E1FD2F069005B136B /* Main.storyboard */; };
		24FDDFA21FD2F069005B136B /* Assets.xcassets in Resources */ = {isa = PBXBuildFile; fileRef = 24FDDFA11FD2F069005B136B /* Assets.xcassets */; };
		24FDDFA51FD2F069005B136B /* LaunchScreen.storyboard in Resources */ = {isa = PBXBuildFile; fileRef = 24FDDFA31FD2F069005B136B /* LaunchScreen.storyboard */; };
		24FDDFB01FD2F069005B136B /* TicTacToeTests.swift in Sources */ = {isa = PBXBuildFile; fileRef = 24FDDFAF1FD2F069005B136B /* TicTacToeTests.swift */; };
		24FDDFBB1FD2F06A005B136B /* TicTacToeUITests.swift in Sources */ = {isa = PBXBuildFile; fileRef = 24FDDFBA1FD2F06A005B136B /* TicTacToeUITests.swift */; };
/* End PBXBuildFile section */

/* Begin PBXContainerItemProxy section */
		24FDDFAC1FD2F069005B136B /* PBXContainerItemProxy */ = {
			isa = PBXContainerItemProxy;
			containerPortal = 24FDDF8F1FD2F069005B136B /* Project object */;
			proxyType = 1;
			remoteGlobalIDString = 24FDDF961FD2F069005B136B;
			remoteInfo = TicTacToe;
		};
		24FDDFB71FD2F06A005B136B /* PBXContainerItemProxy */ = {
			isa = PBXContainerItemProxy;
			containerPortal = 24FDDF8F1FD2F069005B136B /* Project object */;
			proxyType = 1;
			remoteGlobalIDString = 24FDDF961FD2F069005B136B;
			remoteInfo = TicTacToe;
		};
/* End PBXContainerItemProxy section */

/* Begin PBXFileReference section */
		24FDDF971FD2F069005B136B /* TicTacToe.app */ = {isa = PBXFileReference; explicitFileType = wrapper.application; includeInIndex = 0; path = TicTacToe.app; sourceTree = BUILT_PRODUCTS_DIR; };
		24FDDF9A1FD2F069005B136B /* AppDelegate.swift */ = {isa = PBXFileReference; lastKnownFileType = sourcecode.swift; path = AppDelegate.swift; sourceTree = "<group>"; };
		24FDDF9C1FD2F069005B136B /* ViewController.swift */ = {isa = PBXFileReference; lastKnownFileType = sourcecode.swift; path = ViewController.swift; sourceTree = "<group>"; };
		24FDDF9F1FD2F069005B136B /* Base */ = {isa = PBXFileReference; lastKnownFileType = file.storyboard; name = Base; path = Base.lproj/Main.storyboard; sourceTree = "<group>"; };
		24FDDFA11FD2F069005B136B /* Assets.xcassets */ = {isa = PBXFileReference; lastKnownFileType = folder.assetcatalog; path = Assets.xcassets; sourceTree = "<group>"; };
		24FDDFA41FD2F069005B136B /* Base */ = {isa = PBXFileReference; lastKnownFileType = file.storyboard; name = Base; path = Base.lproj/LaunchScreen.storyboard; sourceTree = "<group>"; };
		24FDDFA61FD2F069005B136B /* Info.plist */ = {isa = PBXFileReference; lastKnownFileType = text.plist.xml; path = Info.plist; sourceTree = "<group>"; };
		24FDDFAB1FD2F069005B136B /* TicTacToeTests.xctest */ = {isa = PBXFileReference; explicitFileType = wrapper.cfbundle; includeInIndex = 0; path = TicTacToeTests.xctest; sourceTree = BUILT_PRODUCTS_DIR; };
		24FDDFAF1FD2F069005B136B /* TicTacToeTests.swift */ = {isa = PBXFileReference; lastKnownFileType = sourcecode.swift; path = TicTacToeTests.swift; sourceTree = "<group>"; };
		24FDDFB11FD2F069005B136B /* Info.plist */ = {isa = PBXFileReference; lastKnownFileType = text.plist.xml; path = Info.plist; sourceTree = "<group>"; };
		24FDDFB61FD2F06A005B136B /* TicTacToeUITests.xctest */ = {isa = PBXFileReference; explicitFileType = wrapper.cfbundle; includeInIndex = 0; path = TicTacToeUITests.xctest; sourceTree = BUILT_PRODUCTS_DIR; };
		24FDDFBA1FD2F06A005B136B /* TicTacToeUITests.swift */ = {isa = PBXFileReference; lastKnownFileType = sourcecode.swift; path = TicTacToeUITests.swift; sourceTree = "<group>"; };
		24FDDFBC1FD2F06A005B136B /* Info.plist */ = {isa = PBXFileReference; lastKnownFileType = text.plist.xml; path = Info.plist; sourceTree = "<group>"; };
/* End PBXFileReference section */

/* Begin PBXFrameworksBuildPhase section */
		24FDDF941FD2F069005B136B /* Frameworks */ = {
			isa = PBXFrameworksBuildPhase;
			buildActionMask = 2147483647;
			files = (
			);
			runOnlyForDeploymentPostprocessing = 0;
		};
		24FDDFA81FD2F069005B136B /* Frameworks */ = {
			isa = PBXFrameworksBuildPhase;
			buildActionMask = 2147483647;
			files = (
			);
			runOnlyForDeploymentPostprocessing = 0;
		};
		24FDDFB31FD2F06A005B136B /* Frameworks */ = {
			isa = PBXFrameworksBuildPhase;
			buildActionMask = 2147483647;
			files = (
			);
			runOnlyForDeploymentPostprocessing = 0;
		};
/* End PBXFrameworksBuildPhase section */

/* Begin PBXGroup section */
		24FDDF8E1FD2F069005B136B = {
			isa = PBXGroup;
			children = (
				24FDDF991FD2F069005B136B /* TicTacToe */,
				24FDDFAE1FD2F069005B136B /* TicTacToeTests */,
				24FDDFB91FD2F06A005B136B /* TicTacToeUITests */,
				24FDDF981FD2F069005B136B /* Products */,
			);
			sourceTree = "<group>";
		};
		24FDDF981FD2F069005B136B /* Products */ = {
			isa = PBXGroup;
			children = (
				24FDDF971FD2F069005B136B /* TicTacToe.app */,
				24FDDFAB1FD2F069005B136B /* TicTacToeTests.xctest */,
				24FDDFB61FD2F06A005B136B /* TicTacToeUITests.xctest */,
			);
			name = Products;
			sourceTree = "<group>";
		};
		24FDDF991FD2F069005B136B /* TicTacToe */ = {
			isa = PBXGroup;
			children = (
				24FDDF9A1FD2F069005B136B /* AppDelegate.swift */,
				24FDDF9C1FD2F069005B136B /* ViewController.swift */,
				24FDDF9E1FD2F069005B136B /* Main.storyboard */,
				24FDDFA11FD2F069005B136B /* Assets.xcassets */,
				24FDDFA31FD2F069005B136B /* LaunchScreen.storyboard */,
				24FDDFA61FD2F069005B136B /* Info.plist */,
			);
			path = TicTacToe;
			sourceTree = "<group>";
		};
		24FDDFAE1FD2F069005B136B /* TicTacToeTests */ = {
			isa = PBXGroup;
			children = (
				24FDDFAF1FD2F069005B136B /* TicTacToeTests.swift */,
				24FDDFB11FD2F069005B136B /* Info.plist */,
			);
			path = TicTacToeTests;
			sourceTree = "<group>";
		};
		24FDDFB91FD2F06A005B136B /* TicTacToeUITests */ = {
			isa = PBXGroup;
			children = (
				24FDDFBA1FD2F06A005B136B /* TicTacToeUITests.swift */,
				24FDDFBC1FD2F06A005B136B /* Info.plist */,
			);
			path = TicTacToeUITests;
			sourceTree = "<group>";
		};
/* End PBXGroup section */

/* Begin PBXNativeTarget section */
		24FDDF961FD2F069005B136B /* TicTacToe */ = {
			isa = PBXNativeTarget;
			buildConfigurationList = 24FDDFBF1FD2F06A005B136B /* Build configuration list for PBXNativeTarget "TicTacToe" */;
			buildPhases = (
				24FDDF931FD2F069005B136B /* Sources */,
				24FDDF941FD2F069005B136B /* Frameworks */,
				24FDDF951FD2F069005B136B /* Resources */,
			);
			buildRules = (
			);
			dependencies = (
			);
			name = TicTacToe;
			productName = TicTacToe;
			productReference = 24FDDF971FD2F069005B136B /* TicTacToe.app */;
			productType = "com.apple.product-type.application";
		};
		24FDDFAA1FD2F069005B136B /* TicTacToeTests */ = {
			isa = PBXNativeTarget;
			buildConfigurationList = 24FDDFC21FD2F06A005B136B /* Build configuration list for PBXNativeTarget "TicTacToeTests" */;
			buildPhases = (
				24FDDFA71FD2F069005B136B /* Sources */,
				24FDDFA81FD2F069005B136B /* Frameworks */,
				24FDDFA91FD2F069005B136B /* Resources */,
			);
			buildRules = (
			);
			dependencies = (
				24FDDFAD1FD2F069005B136B /* PBXTargetDependency */,
			);
			name = TicTacToeTests;
			productName = TicTacToeTests;
			productReference = 24FDDFAB1FD2F069005B136B /* TicTacToeTests.xctest */;
			productType = "com.apple.product-type.bundle.unit-test";
		};
		24FDDFB51FD2F06A005B136B /* TicTacToeUITests */ = {
			isa = PBXNativeTarget;
			buildConfigurationList = 24FDDFC51FD2F06A005B136B /* Build configuration list for PBXNativeTarget "TicTacToeUITests" */;
			buildPhases = (
				24FDDFB21FD2F06A005B136B /* Sources */,
				24FDDFB31FD2F06A005B136B /* Frameworks */,
				24FDDFB41FD2F06A005B136B /* Resources */,
			);
			buildRules = (
			);
			dependencies = (
				24FDDFB81FD2F06A005B136B /* PBXTargetDependency */,
			);
			name = TicTacToeUITests;
			productName = TicTacToeUITests;
			productReference = 24FDDFB61FD2F06A005B136B /* TicTacToeUITests.xctest */;
			productType = "com.apple.product-type.bundle.ui-testing";
		};
/* End PBXNativeTarget section */

/* Begin PBXProject section */
		24FDDF8F1FD2F069005B136B /* Project object */ = {
			isa = PBXProject;
			attributes = {
				LastSwiftUpdateCheck = 0910;
				LastUpgradeCheck = 0910;
				ORGANIZATIONNAME = "Simo Haakana";
				TargetAttributes = {
					24FDDF961FD2F069005B136B = {
						CreatedOnToolsVersion = 9.1;
						ProvisioningStyle = Automatic;
					};
					24FDDFAA1FD2F069005B136B = {
						CreatedOnToolsVersion = 9.1;
						ProvisioningStyle = Automatic;
						TestTargetID = 24FDDF961FD2F069005B136B;
					};
					24FDDFB51FD2F06A005B136B = {
						CreatedOnToolsVersion = 9.1;
						ProvisioningStyle = Automatic;
						TestTargetID = 24FDDF961FD2F069005B136B;
					};
				};
			};
			buildConfigurationList = 24FDDF921FD2F069005B136B /* Build configuration list for PBXProject "TicTacToe" */;
			compatibilityVersion = "Xcode 8.0";
			developmentRegion = en;
			hasScannedForEncodings = 0;
			knownRegions = (
				en,
				Base,
			);
			mainGroup = 24FDDF8E1FD2F069005B136B;
			productRefGroup = 24FDDF981FD2F069005B136B /* Products */;
			projectDirPath = "";
			projectRoot = "";
			targets = (
				24FDDF961FD2F069005B136B /* TicTacToe */,
				24FDDFAA1FD2F069005B136B /* TicTacToeTests */,
				24FDDFB51FD2F06A005B136B /* TicTacToeUITests */,
			);
		};
/* End PBXProject section */

/* Begin PBXResourcesBuildPhase section */
		24FDDF951FD2F069005B136B /* Resources */ = {
			isa = PBXResourcesBuildPhase;
			buildActionMask = 2147483647;
			files = (
				24FDDFA51FD2F069005B136B /* LaunchScreen.storyboard in Resources */,
				24FDDFA21FD2F069005B136B /* Assets.xcassets in Resources */,
				24FDDFA01FD2F069005B136B /* Main.storyboard in Resources */,
			);
			runOnlyForDeploymentPostprocessing = 0;
		};
		24FDDFA91FD2F069005B136B /* Resources */ = {
			isa = PBXResourcesBuildPhase;
			buildActionMask = 2147483647;
			files = (
			);
			runOnlyForDeploymentPostprocessing = 0;
		};
		24FDDFB41FD2F06A005B136B /* Resources */ = {
			isa = PBXResourcesBuildPhase;
			buildActionMask = 2147483647;
			files = (
			);
			runOnlyForDeploymentPostprocessing = 0;
		};
/* End PBXResourcesBuildPhase section */

/* Begin PBXSourcesBuildPhase section */
		24FDDF931FD2F069005B136B /* Sources */ = {
			isa = PBXSourcesBuildPhase;
			buildActionMask = 2147483647;
			files = (
				24FDDF9D1FD2F069005B136B /* ViewController.swift in Sources */,
				24FDDF9B1FD2F069005B136B /* AppDelegate.swift in Sources */,
			);
			runOnlyForDeploymentPostprocessing = 0;
		};
		24FDDFA71FD2F069005B136B /* Sources */ = {
			isa = PBXSourcesBuildPhase;
			buildActionMask = 2147483647;
			files = (
				24FDDFB01FD2F069005B136B /* TicTacToeTests.swift in Sources */,
			);
			runOnlyForDeploymentPostprocessing = 0;
		};
		24FDDFB21FD2F06A005B136B /* Sources */ = {
			isa = PBXSourcesBuildPhase;
			buildActionMask = 2147483647;
			files = (
				24FDDFBB1FD2F06A005B136B /* TicTacToeUITests.swift in Sources */,
			);
			runOnlyForDeploymentPostprocessing = 0;
		};
/* End PBXSourcesBuildPhase section */

/* Begin PBXTargetDependency section */
		24FDDFAD1FD2F069005B136B /* PBXTargetDependency */ = {
			isa = PBXTargetDependency;
			target = 24FDDF961FD2F069005B136B /* TicTacToe */;
			targetProxy = 24FDDFAC1FD2F069005B136B /* PBXContainerItemProxy */;
		};
		24FDDFB81FD2F06A005B136B /* PBXTargetDependency */ = {
			isa = PBXTargetDependency;
			target = 24FDDF961FD2F069005B136B /* TicTacToe */;
			targetProxy = 24FDDFB71FD2F06A005B136B /* PBXContainerItemProxy */;
		};
/* End PBXTargetDependency section */

/* Begin PBXVariantGroup section */
		24FDDF9E1FD2F069005B136B /* Main.storyboard */ = {
			isa = PBXVariantGroup;
			children = (
				24FDDF9F1FD2F069005B136B /* Base */,
			);
			name = Main.storyboard;
			sourceTree = "<group>";
		};
		24FDDFA31FD2F069005B136B /* LaunchScreen.storyboard */ = {
			isa = PBXVariantGroup;
			children = (
				24FDDFA41FD2F069005B136B /* Base */,
			);
			name = LaunchScreen.storyboard;
			sourceTree = "<group>";
		};
/* End PBXVariantGroup section */

/* Begin XCBuildConfiguration section */
		24FDDFBD1FD2F06A005B136B /* Debug */ = {
			isa = XCBuildConfiguration;
			buildSettings = {
				ALWAYS_SEARCH_USER_PATHS = NO;
				CLANG_ANALYZER_NONNULL = YES;
				CLANG_ANALYZER_NUMBER_OBJECT_CONVERSION = YES_AGGRESSIVE;
				CLANG_CXX_LANGUAGE_STANDARD = "gnu++14";
				CLANG_CXX_LIBRARY = "libc++";
				CLANG_ENABLE_MODULES = YES;
				CLANG_ENABLE_OBJC_ARC = YES;
				CLANG_WARN_BLOCK_CAPTURE_AUTORELEASING = YES;
				CLANG_WARN_BOOL_CONVERSION = YES;
				CLANG_WARN_COMMA = YES;
				CLANG_WARN_CONSTANT_CONVERSION = YES;
				CLANG_WARN_DIRECT_OBJC_ISA_USAGE = YES_ERROR;
				CLANG_WARN_DOCUMENTATION_COMMENTS = YES;
				CLANG_WARN_EMPTY_BODY = YES;
				CLANG_WARN_ENUM_CONVERSION = YES;
				CLANG_WARN_INFINITE_RECURSION = YES;
				CLANG_WARN_INT_CONVERSION = YES;
				CLANG_WARN_NON_LITERAL_NULL_CONVERSION = YES;
				CLANG_WARN_OBJC_LITERAL_CONVERSION = YES;
				CLANG_WARN_OBJC_ROOT_CLASS = YES_ERROR;
				CLANG_WARN_RANGE_LOOP_ANALYSIS = YES;
				CLANG_WARN_STRICT_PROTOTYPES = YES;
				CLANG_WARN_SUSPICIOUS_MOVE = YES;
				CLANG_WARN_UNGUARDED_AVAILABILITY = YES_AGGRESSIVE;
				CLANG_WARN_UNREACHABLE_CODE = YES;
				CLANG_WARN__DUPLICATE_METHOD_MATCH = YES;
				CODE_SIGN_IDENTITY = "iPhone Developer";
				COPY_PHASE_STRIP = NO;
				DEBUG_INFORMATION_FORMAT = dwarf;
				ENABLE_STRICT_OBJC_MSGSEND = YES;
				ENABLE_TESTABILITY = YES;
				GCC_C_LANGUAGE_STANDARD = gnu11;
				GCC_DYNAMIC_NO_PIC = NO;
				GCC_NO_COMMON_BLOCKS = YES;
				GCC_OPTIMIZATION_LEVEL = 0;
				GCC_PREPROCESSOR_DEFINITIONS = (
					"DEBUG=1",
					"$(inherited)",
				);
				GCC_WARN_64_TO_32_BIT_CONVERSION = YES;
				GCC_WARN_ABOUT_RETURN_TYPE = YES_ERROR;
				GCC_WARN_UNDECLARED_SELECTOR = YES;
				GCC_WARN_UNINITIALIZED_AUTOS = YES_AGGRESSIVE;
				GCC_WARN_UNUSED_FUNCTION = YES;
				GCC_WARN_UNUSED_VARIABLE = YES;
				IPHONEOS_DEPLOYMENT_TARGET = 11.1;
				MTL_ENABLE_DEBUG_INFO = YES;
				ONLY_ACTIVE_ARCH = YES;
				SDKROOT = iphoneos;
				SWIFT_ACTIVE_COMPILATION_CONDITIONS = DEBUG;
				SWIFT_OPTIMIZATION_LEVEL = "-Onone";
			};
			name = Debug;
		};
		24FDDFBE1FD2F06A005B136B /* Release */ = {
			isa = XCBuildConfiguration;
			buildSettings = {
				ALWAYS_SEARCH_USER_PATHS = NO;
				CLANG_ANALYZER_NONNULL = YES;
				CLANG_ANALYZER_NUMBER_OBJECT_CONVERSION = YES_AGGRESSIVE;
				CLANG_CXX_LANGUAGE_STANDARD = "gnu++14";
				CLANG_CXX_LIBRARY = "libc++";
				CLANG_ENABLE_MODULES = YES;
				CLANG_ENABLE_OBJC_ARC = YES;
				CLANG_WARN_BLOCK_CAPTURE_AUTORELEASING = YES;
				CLANG_WARN_BOOL_CONVERSION = YES;
				CLANG_WARN_COMMA = YES;
				CLANG_WARN_CONSTANT_CONVERSION = YES;
				CLANG_WARN_DIRECT_OBJC_ISA_USAGE = YES_ERROR;
				CLANG_WARN_DOCUMENTATION_COMMENTS = YES;
				CLANG_WARN_EMPTY_BODY = YES;
				CLANG_WARN_ENUM_CONVERSION = YES;
				CLANG_WARN_INFINITE_RECURSION = YES;
				CLANG_WARN_INT_CONVERSION = YES;
				CLANG_WARN_NON_LITERAL_NULL_CONVERSION = YES;
				CLANG_WARN_OBJC_LITERAL_CONVERSION = YES;
				CLANG_WARN_OBJC_ROOT_CLASS = YES_ERROR;
				CLANG_WARN_RANGE_LOOP_ANALYSIS = YES;
				CLANG_WARN_STRICT_PROTOTYPES = YES;
				CLANG_WARN_SUSPICIOUS_MOVE = YES;
				CLANG_WARN_UNGUARDED_AVAILABILITY = YES_AGGRESSIVE;
				CLANG_WARN_UNREACHABLE_CODE = YES;
				CLANG_WARN__DUPLICATE_METHOD_MATCH = YES;
				CODE_SIGN_IDENTITY = "iPhone Developer";
				COPY_PHASE_STRIP = NO;
				DEBUG_INFORMATION_FORMAT = "dwarf-with-dsym";
				ENABLE_NS_ASSERTIONS = NO;
				ENABLE_STRICT_OBJC_MSGSEND = YES;
				GCC_C_LANGUAGE_STANDARD = gnu11;
				GCC_NO_COMMON_BLOCKS = YES;
				GCC_WARN_64_TO_32_BIT_CONVERSION = YES;
				GCC_WARN_ABOUT_RETURN_TYPE = YES_ERROR;
				GCC_WARN_UNDECLARED_SELECTOR = YES;
				GCC_WARN_UNINITIALIZED_AUTOS = YES_AGGRESSIVE;
				GCC_WARN_UNUSED_FUNCTION = YES;
				GCC_WARN_UNUSED_VARIABLE = YES;
				IPHONEOS_DEPLOYMENT_TARGET = 11.1;
				MTL_ENABLE_DEBUG_INFO = NO;
				SDKROOT = iphoneos;
				SWIFT_OPTIMIZATION_LEVEL = "-Owholemodule";
				VALIDATE_PRODUCT = YES;
			};
			name = Release;
		};
		24FDDFC01FD2F06A005B136B /* Debug */ = {
			isa = XCBuildConfiguration;
			buildSettings = {
				ASSETCATALOG_COMPILER_APPICON_NAME = AppIcon;
				CODE_SIGN_STYLE = Automatic;
				INFOPLIST_FILE = TicTacToe/Info.plist;
				LD_RUNPATH_SEARCH_PATHS = "$(inherited) @executable_path/Frameworks";
				PRODUCT_BUNDLE_IDENTIFIER = demo.TicTacToe;
				PRODUCT_NAME = "$(TARGET_NAME)";
				SWIFT_VERSION = 4.0;
				TARGETED_DEVICE_FAMILY = "1,2";
			};
			name = Debug;
		};
		24FDDFC11FD2F06A005B136B /* Release */ = {
			isa = XCBuildConfiguration;
			buildSettings = {
				ASSETCATALOG_COMPILER_APPICON_NAME = AppIcon;
				CODE_SIGN_STYLE = Automatic;
				INFOPLIST_FILE = TicTacToe/Info.plist;
				LD_RUNPATH_SEARCH_PATHS = "$(inherited) @executable_path/Frameworks";
				PRODUCT_BUNDLE_IDENTIFIER = demo.TicTacToe;
				PRODUCT_NAME = "$(TARGET_NAME)";
				SWIFT_VERSION = 4.0;
				TARGETED_DEVICE_FAMILY = "1,2";
			};
			name = Release;
		};
		24FDDFC31FD2F06A005B136B /* Debug */ = {
			isa = XCBuildConfiguration;
			buildSettings = {
				ALWAYS_EMBED_SWIFT_STANDARD_LIBRARIES = YES;
				BUNDLE_LOADER = "$(TEST_HOST)";
				CODE_SIGN_STYLE = Automatic;
				INFOPLIST_FILE = TicTacToeTests/Info.plist;
				LD_RUNPATH_SEARCH_PATHS = "$(inherited) @executable_path/Frameworks @loader_path/Frameworks";
				PRODUCT_BUNDLE_IDENTIFIER = demo.TicTacToeTests;
				PRODUCT_NAME = "$(TARGET_NAME)";
				SWIFT_VERSION = 4.0;
				TARGETED_DEVICE_FAMILY = "1,2";
				TEST_HOST = "$(BUILT_PRODUCTS_DIR)/TicTacToe.app/TicTacToe";
			};
			name = Debug;
		};
		24FDDFC41FD2F06A005B136B /* Release */ = {
			isa = XCBuildConfiguration;
			buildSettings = {
				ALWAYS_EMBED_SWIFT_STANDARD_LIBRARIES = YES;
				BUNDLE_LOADER = "$(TEST_HOST)";
				CODE_SIGN_STYLE = Automatic;
				INFOPLIST_FILE = TicTacToeTests/Info.plist;
				LD_RUNPATH_SEARCH_PATHS = "$(inherited) @executable_path/Frameworks @loader_path/Frameworks";
				PRODUCT_BUNDLE_IDENTIFIER = demo.TicTacToeTests;
				PRODUCT_NAME = "$(TARGET_NAME)";
				SWIFT_VERSION = 4.0;
				TARGETED_DEVICE_FAMILY = "1,2";
				TEST_HOST = "$(BUILT_PRODUCTS_DIR)/TicTacToe.app/TicTacToe";
			};
			name = Release;
		};
		24FDDFC61FD2F06A005B136B /* Debug */ = {
			isa = XCBuildConfiguration;
			buildSettings = {
				ALWAYS_EMBED_SWIFT_STANDARD_LIBRARIES = YES;
				CODE_SIGN_STYLE = Automatic;
				INFOPLIST_FILE = TicTacToeUITests/Info.plist;
				LD_RUNPATH_SEARCH_PATHS = "$(inherited) @executable_path/Frameworks @loader_path/Frameworks";
				PRODUCT_BUNDLE_IDENTIFIER = demo.TicTacToeUITests;
				PRODUCT_NAME = "$(TARGET_NAME)";
				SWIFT_VERSION = 4.0;
				TARGETED_DEVICE_FAMILY = "1,2";
				TEST_TARGET_NAME = TicTacToe;
			};
			name = Debug;
		};
		24FDDFC71FD2F06A005B136B /* Release */ = {
			isa = XCBuildConfiguration;
			buildSettings = {
				ALWAYS_EMBED_SWIFT_STANDARD_LIBRARIES = YES;
				CODE_SIGN_STYLE = Automatic;
				INFOPLIST_FILE = TicTacToeUITests/Info.plist;
				LD_RUNPATH_SEARCH_PATHS = "$(inherited) @executable_path/Frameworks @loader_path/Frameworks";
				PRODUCT_BUNDLE_IDENTIFIER = demo.TicTacToeUITests;
				PRODUCT_NAME = "$(TARGET_NAME)";
				SWIFT_VERSION = 4.0;
				TARGETED_DEVICE_FAMILY = "1,2";
				TEST_TARGET_NAME = TicTacToe;
			};
			name = Release;
		};
/* End XCBuildConfiguration section */

/* Begin XCConfigurationList section */
		24FDDF921FD2F069005B136B /* Build configuration list for PBXProject "TicTacToe" */ = {
			isa = XCConfigurationList;
			buildConfigurations = (
				24FDDFBD1FD2F06A005B136B /* Debug */,
				24FDDFBE1FD2F06A005B136B /* Release */,
			);
			defaultConfigurationIsVisible = 0;
			defaultConfigurationName = Release;
		};
		24FDDFBF1FD2F06A005B136B /* Build configuration list for PBXNativeTarget "TicTacToe" */ = {
			isa = XCConfigurationList;
			buildConfigurations = (
				24FDDFC01FD2F06A005B136B /* Debug */,
				24FDDFC11FD2F06A005B136B /* Release */,
			);
			defaultConfigurationIsVisible = 0;
			defaultConfigurationName = Release;
		};
		24FDDFC21FD2F06A005B136B /* Build configuration list for PBXNativeTarget "TicTacToeTests" */ = {
			isa = XCConfigurationList;
			buildConfigurations = (
				24FDDFC31FD2F06A005B136B /* Debug */,
				24FDDFC41FD2F06A005B136B /* Release */,
			);
			defaultConfigurationIsVisible = 0;
			defaultConfigurationName = Release;
		};
		24FDDFC51FD2F06A005B136B /* Build configuration list for PBXNativeTarget "TicTacToeUITests" */ = {
			isa = XCConfigurationList;
			buildConfigurations = (
				24FDDFC61FD2F06A005B136B /* Debug */,
				24FDDFC71FD2F06A005B136B /* Release */,
			);
			defaultConfigurationIsVisible = 0;
			defaultConfigurationName = Release;
		};
/* End XCConfigurationList section */
	};
	rootObject = 24FDDF8F1FD2F069005B136B /* Project object */;
}
